
Microsoft Visual Studio Solution File, Format Version 12.00
# Visual Studio Version 17
VisualStudioVersion = 17.0.31903.59
MinimumVisualStudioVersion = 10.0.40219.1
Project("{FAE04EC0-301F-11D3-BF4B-00C04F79EFBC}") = "CLI.MedicalPractice", "CLI.MedicalPractice\CLI.MedicalPractice.csproj", "{28653084-FA22-4867-BB0B-C4E023F348F7}"
EndProject
Project("{FAE04EC0-301F-11D3-BF4B-00C04F79EFBC}") = "Library.MedicalPractice", "Library.MedicalPractice\Library.MedicalPractice.csproj", "{279346F3-710B-4141-92E8-AE73F3F96867}"
EndProject
Project("{FAE04EC0-301F-11D3-BF4B-00C04F79EFBC}") = "Maui.MedicalPractice", "Maui.MedicalPractice\Maui.MedicalPractice.csproj", "{0CDB111A-0511-469C-894E-35BAE98F0A9C}"
EndProject
Project("{FAE04EC0-301F-11D3-BF4B-00C04F79EFBC}") = "Api.MedicalPractice", "Api.MedicalPractice\Api.MedicalPractice.csproj", "{B4A3B271-7B65-4587-A5A7-0B655CF30FC1}"
EndProject
Global
	GlobalSection(SolutionConfigurationPlatforms) = preSolution
		Debug|Any CPU = Debug|Any CPU
		Debug|x64 = Debug|x64
		Debug|x86 = Debug|x86
		Release|Any CPU = Release|Any CPU
		Release|x64 = Release|x64
		Release|x86 = Release|x86
	EndGlobalSection
	GlobalSection(ProjectConfigurationPlatforms) = postSolution
		{28653084-FA22-4867-BB0B-C4E023F348F7}.Debug|Any CPU.ActiveCfg = Debug|Any CPU
		{28653084-FA22-4867-BB0B-C4E023F348F7}.Debug|Any CPU.Build.0 = Debug|Any CPU
		{28653084-FA22-4867-BB0B-C4E023F348F7}.Debug|x64.ActiveCfg = Debug|Any CPU
		{28653084-FA22-4867-BB0B-C4E023F348F7}.Debug|x64.Build.0 = Debug|Any CPU
		{28653084-FA22-4867-BB0B-C4E023F348F7}.Debug|x86.ActiveCfg = Debug|Any CPU
		{28653084-FA22-4867-BB0B-C4E023F348F7}.Debug|x86.Build.0 = Debug|Any CPU
		{28653084-FA22-4867-BB0B-C4E023F348F7}.Release|Any CPU.ActiveCfg = Release|Any CPU
		{28653084-FA22-4867-BB0B-C4E023F348F7}.Release|Any CPU.Build.0 = Release|Any CPU
		{28653084-FA22-4867-BB0B-C4E023F348F7}.Release|x64.ActiveCfg = Release|Any CPU
		{28653084-FA22-4867-BB0B-C4E023F348F7}.Release|x64.Build.0 = Release|Any CPU
		{28653084-FA22-4867-BB0B-C4E023F348F7}.Release|x86.ActiveCfg = Release|Any CPU
		{28653084-FA22-4867-BB0B-C4E023F348F7}.Release|x86.Build.0 = Release|Any CPU
		{279346F3-710B-4141-92E8-AE73F3F96867}.Debug|Any CPU.ActiveCfg = Debug|Any CPU
		{279346F3-710B-4141-92E8-AE73F3F96867}.Debug|Any CPU.Build.0 = Debug|Any CPU
		{279346F3-710B-4141-92E8-AE73F3F96867}.Debug|x64.ActiveCfg = Debug|Any CPU
		{279346F3-710B-4141-92E8-AE73F3F96867}.Debug|x64.Build.0 = Debug|Any CPU
		{279346F3-710B-4141-92E8-AE73F3F96867}.Debug|x86.ActiveCfg = Debug|Any CPU
		{279346F3-710B-4141-92E8-AE73F3F96867}.Debug|x86.Build.0 = Debug|Any CPU
		{279346F3-710B-4141-92E8-AE73F3F96867}.Release|Any CPU.ActiveCfg = Release|Any CPU
		{279346F3-710B-4141-92E8-AE73F3F96867}.Release|Any CPU.Build.0 = Release|Any CPU
		{279346F3-710B-4141-92E8-AE73F3F96867}.Release|x64.ActiveCfg = Release|Any CPU
		{279346F3-710B-4141-92E8-AE73F3F96867}.Release|x64.Build.0 = Release|Any CPU
		{279346F3-710B-4141-92E8-AE73F3F96867}.Release|x86.ActiveCfg = Release|Any CPU
		{279346F3-710B-4141-92E8-AE73F3F96867}.Release|x86.Build.0 = Release|Any CPU
		{0CDB111A-0511-469C-894E-35BAE98F0A9C}.Debug|Any CPU.ActiveCfg = Debug|Any CPU
		{0CDB111A-0511-469C-894E-35BAE98F0A9C}.Debug|Any CPU.Build.0 = Debug|Any CPU
		{0CDB111A-0511-469C-894E-35BAE98F0A9C}.Debug|x64.ActiveCfg = Debug|Any CPU
		{0CDB111A-0511-469C-894E-35BAE98F0A9C}.Debug|x64.Build.0 = Debug|Any CPU
		{0CDB111A-0511-469C-894E-35BAE98F0A9C}.Debug|x86.ActiveCfg = Debug|Any CPU
		{0CDB111A-0511-469C-894E-35BAE98F0A9C}.Debug|x86.Build.0 = Debug|Any CPU
		{0CDB111A-0511-469C-894E-35BAE98F0A9C}.Release|Any CPU.ActiveCfg = Release|Any CPU
		{0CDB111A-0511-469C-894E-35BAE98F0A9C}.Release|Any CPU.Build.0 = Release|Any CPU
		{0CDB111A-0511-469C-894E-35BAE98F0A9C}.Release|x64.ActiveCfg = Release|Any CPU
		{0CDB111A-0511-469C-894E-35BAE98F0A9C}.Release|x64.Build.0 = Release|Any CPU
		{0CDB111A-0511-469C-894E-35BAE98F0A9C}.Release|x86.ActiveCfg = Release|Any CPU
		{0CDB111A-0511-469C-894E-35BAE98F0A9C}.Release|x86.Build.0 = Release|Any CPU
		{B4A3B271-7B65-4587-A5A7-0B655CF30FC1}.Debug|Any CPU.ActiveCfg = Debug|Any CPU
		{B4A3B271-7B65-4587-A5A7-0B655CF30FC1}.Debug|Any CPU.Build.0 = Debug|Any CPU
		{B4A3B271-7B65-4587-A5A7-0B655CF30FC1}.Debug|x64.ActiveCfg = Debug|Any CPU
		{B4A3B271-7B65-4587-A5A7-0B655CF30FC1}.Debug|x64.Build.0 = Debug|Any CPU
		{B4A3B271-7B65-4587-A5A7-0B655CF30FC1}.Debug|x86.ActiveCfg = Debug|Any CPU
		{B4A3B271-7B65-4587-A5A7-0B655CF30FC1}.Debug|x86.Build.0 = Debug|Any CPU
		{B4A3B271-7B65-4587-A5A7-0B655CF30FC1}.Release|Any CPU.ActiveCfg = Release|Any CPU
		{B4A3B271-7B65-4587-A5A7-0B655CF30FC1}.Release|Any CPU.Build.0 = Release|Any CPU
		{B4A3B271-7B65-4587-A5A7-0B655CF30FC1}.Release|x64.ActiveCfg = Release|Any CPU
		{B4A3B271-7B65-4587-A5A7-0B655CF30FC1}.Release|x64.Build.0 = Release|Any CPU
		{B4A3B271-7B65-4587-A5A7-0B655CF30FC1}.Release|x86.ActiveCfg = Release|Any CPU
		{B4A3B271-7B65-4587-A5A7-0B655CF30FC1}.Release|x86.Build.0 = Release|Any CPU
	EndGlobalSection
	GlobalSection(SolutionProperties) = preSolution
		HideSolutionNode = FALSE
	EndGlobalSection
EndGlobal
